
Microsoft Visual Studio Solution File, Format Version 12.00
# Visual Studio 14
VisualStudioVersion = 14.0.25420.1
MinimumVisualStudioVersion = 10.0.40219.1
Project("{8BC9CEB8-8B4A-11D0-8D11-00A0C91BC942}") = "MatrixTransposition", "MatrixTransposition\MatrixTransposition.vcxproj", "{837CB004-71EF-49BD-8605-493A42BA0BF1}"
EndProject
Project("{8BC9CEB8-8B4A-11D0-8D11-00A0C91BC942}") = "CacheSimulator", "CacheSimulator\CacheSimulator.vcxproj", "{8AF90120-C6D3-4536-BF97-1C71B7E311B9}"
EndProject
Global
	GlobalSection(SolutionConfigurationPlatforms) = preSolution
		Debug|Win32 = Debug|Win32
		Debug|x64 = Debug|x64
		Release|Win32 = Release|Win32
		Release|x64 = Release|x64
	EndGlobalSection
	GlobalSection(ProjectConfigurationPlatforms) = postSolution
		{837CB004-71EF-49BD-8605-493A42BA0BF1}.Debug|Win32.ActiveCfg = Debug|Win32
		{837CB004-71EF-49BD-8605-493A42BA0BF1}.Debug|Win32.Build.0 = Debug|Win32
		{837CB004-71EF-49BD-8605-493A42BA0BF1}.Debug|x64.ActiveCfg = Debug|Win32
		{837CB004-71EF-49BD-8605-493A42BA0BF1}.Release|Win32.ActiveCfg = Release|Win32
		{837CB004-71EF-49BD-8605-493A42BA0BF1}.Release|Win32.Build.0 = Release|Win32
		{837CB004-71EF-49BD-8605-493A42BA0BF1}.Release|x64.ActiveCfg = Release|Win32
		{837CB004-71EF-49BD-8605-493A42BA0BF1}.Release|x64.Build.0 = Release|Win32
		{8AF90120-C6D3-4536-BF97-1C71B7E311B9}.Debug|Win32.ActiveCfg = Debug|Win32
		{8AF90120-C6D3-4536-BF97-1C71B7E311B9}.Debug|Win32.Build.0 = Debug|Win32
		{8AF90120-C6D3-4536-BF97-1C71B7E311B9}.Debug|x64.ActiveCfg = Debug|x64
		{8AF90120-C6D3-4536-BF97-1C71B7E311B9}.Debug|x64.Build.0 = Debug|x64
		{8AF90120-C6D3-4536-BF97-1C71B7E311B9}.Release|Win32.ActiveCfg = Release|Win32
		{8AF90120-C6D3-4536-BF97-1C71B7E311B9}.Release|Win32.Build.0 = Release|Win32
		{8AF90120-C6D3-4536-BF97-1C71B7E311B9}.Release|x64.ActiveCfg = Release|x64
		{8AF90120-C6D3-4536-BF97-1C71B7E311B9}.Release|x64.Build.0 = Release|x64
	EndGlobalSection
	GlobalSection(SolutionProperties) = preSolution
		HideSolutionNode = FALSE
	EndGlobalSection
EndGlobal
